
Microsoft Visual Studio Solution File, Format Version 12.00
# Visual Studio Version 17
VisualStudioVersion = 17.0.31903.59
MinimumVisualStudioVersion = 10.0.40219.1
Project("{2150E333-8FDC-42A3-9474-1A3956D46DE8}") = "applications", "applications", "{E411E5FC-8649-42E5-9052-6218C69FCC45}"
EndProject
Project("{FAE04EC0-301F-11D3-BF4B-00C04F79EFBC}") = "backend", "applications\backend\backend.csproj", "{39EF9402-A3FE-4468-9E96-6727E44CEA8B}"
EndProject
Global
	GlobalSection(SolutionConfigurationPlatforms) = preSolution
		Debug|Any CPU = Debug|Any CPU
		Release|Any CPU = Release|Any CPU
	EndGlobalSection
	GlobalSection(SolutionProperties) = preSolution
		HideSolutionNode = FALSE
	EndGlobalSection
	GlobalSection(ProjectConfigurationPlatforms) = postSolution
		{39EF9402-A3FE-4468-9E96-6727E44CEA8B}.Debug|Any CPU.ActiveCfg = Debug|Any CPU
		{39EF9402-A3FE-4468-9E96-6727E44CEA8B}.Debug|Any CPU.Build.0 = Debug|Any CPU
		{39EF9402-A3FE-4468-9E96-6727E44CEA8B}.Release|Any CPU.ActiveCfg = Release|Any CPU
		{39EF9402-A3FE-4468-9E96-6727E44CEA8B}.Release|Any CPU.Build.0 = Release|Any CPU
	EndGlobalSection
	GlobalSection(NestedProjects) = preSolution
		{39EF9402-A3FE-4468-9E96-6727E44CEA8B} = {E411E5FC-8649-42E5-9052-6218C69FCC45}
	EndGlobalSection
EndGlobal
